
Microsoft Visual Studio Solution File, Format Version 12.00
# Visual Studio 15
VisualStudioVersion = 15.0.28307.902
MinimumVisualStudioVersion = 10.0.40219.1
Project("{FAE04EC0-301F-11D3-BF4B-00C04F79EFBC}") = "Paraüstü_Hesaplama", "Paraüstü_Hesaplama\Paraüstü_Hesaplama.csproj", "{6839D5A0-CBAE-4C2D-AB72-E131A36D33BA}"
EndProject
Global
	GlobalSection(SolutionConfigurationPlatforms) = preSolution
		Debug|Any CPU = Debug|Any CPU
		Release|Any CPU = Release|Any CPU
	EndGlobalSection
	GlobalSection(ProjectConfigurationPlatforms) = postSolution
		{6839D5A0-CBAE-4C2D-AB72-E131A36D33BA}.Debug|Any CPU.ActiveCfg = Debug|Any CPU
		{6839D5A0-CBAE-4C2D-AB72-E131A36D33BA}.Debug|Any CPU.Build.0 = Debug|Any CPU
		{6839D5A0-CBAE-4C2D-AB72-E131A36D33BA}.Release|Any CPU.ActiveCfg = Release|Any CPU
		{6839D5A0-CBAE-4C2D-AB72-E131A36D33BA}.Release|Any CPU.Build.0 = Release|Any CPU
	EndGlobalSection
	GlobalSection(SolutionProperties) = preSolution
		HideSolutionNode = FALSE
	EndGlobalSection
	GlobalSection(ExtensibilityGlobals) = postSolution
		SolutionGuid = {4D4FFF8D-3EBC-40AD-80F9-26715CA2DF18}
	EndGlobalSection
EndGlobal
